{
    "_readme": [
        "This file locks the dependencies of your project to a known state",
        "Read more about it at https://getcomposer.org/doc/01-basic-usage.md#composer-lock-the-lock-file",
        "This file is @generated automatically"
    ],
    "content-hash": "f2884db4be4123d50f87929fd5e20f93",
    "packages": [
        {
            "name": "predis/predis",
            "version": "v1.1.1",
            "source": {
                "type": "git",
                "url": "https://github.com/nrk/predis.git",
                "reference": "f0210e38881631afeafb56ab43405a92cafd9fd1"
            },
            "dist": {
                "type": "zip",
                "url": "https://api.github.com/repos/nrk/predis/zipball/f0210e38881631afeafb56ab43405a92cafd9fd1",
                "reference": "f0210e38881631afeafb56ab43405a92cafd9fd1",
                "shasum": ""
            },
            "require": {
                "php": ">=5.3.9"
            },
            "require-dev": {
                "phpunit/phpunit": "~4.8"
            },
            "suggest": {
                "ext-curl": "Allows access to Webdis when paired with phpiredis",
                "ext-phpiredis": "Allows faster serialization and deserialization of the Redis protocol"
            },
            "type": "library",
            "autoload": {
                "psr-4": {
                    "Predis\\": "src/"
                }
            },
            "notification-url": "https://packagist.org/downloads/",
            "license": [
                "MIT"
            ],
            "authors": [
                {
                    "name": "Daniele Alessandri",
                    "email": "suppakilla@gmail.com",
                    "homepage": "http://clorophilla.net"
                }
            ],
            "description": "Flexible and feature-complete Redis client for PHP and HHVM",
            "homepage": "http://github.com/nrk/predis",
            "keywords": [
                "nosql",
                "predis",
                "redis"
            ],
            "time": "2016-06-16T16:22:20+00:00"
        },
        {
            "name": "seinopsys/postgresql-database-class",
            "version": "v2.1.0",
            "source": {
                "type": "git",
                "url": "https://github.com/SeinopSys/PHP-PostgreSQL-Database-Class.git",
                "reference": "0656e397dfdb9172c06c98b23ddd78a43950479f"
            },
            "dist": {
                "type": "zip",
                "url": "https://api.github.com/repos/SeinopSys/PHP-PostgreSQL-Database-Class/zipball/0656e397dfdb9172c06c98b23ddd78a43950479f",
                "reference": "0656e397dfdb9172c06c98b23ddd78a43950479f",
                "shasum": ""
            },
            "require": {
                "ext-pdo": "*",
                "ext-pdo_pgsql": "*",
                "php": ">=5.4"
            },
            "type": "library",
            "autoload": {
                "files": [
                    "PostgresDb.php"
                ]
            },
            "notification-url": "https://packagist.org/downloads/",
            "license": [
                "GPL-3.0-or-later"
            ],
            "authors": [
                {
                    "name": "SeinopSys",
                    "email": "seinopsys@gmail.com",
                    "homepage": "https://github.com/SeinopSys",
                    "role": "Developer"
                }
            ],
            "description": "PHP wrapper class for PDO-based interaction with PostgreSQL databases, heavily based on ThingEngineer's MysqliDb class",
            "time": "2018-02-22T16:37:14+00:00"
        }
    ],
    "packages-dev": [],
    "aliases": [],
    "minimum-stability": "stable",
    "stability-flags": [],
    "prefer-stable": false,
    "prefer-lowest": false,
    "platform": [],
    "platform-dev": []
}
